
Microsoft Visual Studio Solution File, Format Version 12.00
# Visual Studio 2013
VisualStudioVersion = 12.0.21005.1
MinimumVisualStudioVersion = 10.0.40219.1
Project("{FAE04EC0-301F-11D3-BF4B-00C04F79EFBC}") = "DelegateAsyncCallBack", "DelegateAsyncCallBack\DelegateAsyncCallBack.csproj", "{C41E7507-2856-4CCE-A7F5-2479CC215729}"
EndProject
Project("{FAE04EC0-301F-11D3-BF4B-00C04F79EFBC}") = "DelegateAsyncInvoke", "DelegateAsyncInvoke\DelegateAsyncInvoke.csproj", "{D1FA5694-28A3-4026-B682-DA3E075FFFEB}"
EndProject
Global
	GlobalSection(SolutionConfigurationPlatforms) = preSolution
		Debug|Any CPU = Debug|Any CPU
		Release|Any CPU = Release|Any CPU
	EndGlobalSection
	GlobalSection(ProjectConfigurationPlatforms) = postSolution
		{C41E7507-2856-4CCE-A7F5-2479CC215729}.Debug|Any CPU.ActiveCfg = Debug|Any CPU
		{C41E7507-2856-4CCE-A7F5-2479CC215729}.Debug|Any CPU.Build.0 = Debug|Any CPU
		{C41E7507-2856-4CCE-A7F5-2479CC215729}.Release|Any CPU.ActiveCfg = Release|Any CPU
		{C41E7507-2856-4CCE-A7F5-2479CC215729}.Release|Any CPU.Build.0 = Release|Any CPU
		{D1FA5694-28A3-4026-B682-DA3E075FFFEB}.Debug|Any CPU.ActiveCfg = Debug|Any CPU
		{D1FA5694-28A3-4026-B682-DA3E075FFFEB}.Debug|Any CPU.Build.0 = Debug|Any CPU
		{D1FA5694-28A3-4026-B682-DA3E075FFFEB}.Release|Any CPU.ActiveCfg = Release|Any CPU
		{D1FA5694-28A3-4026-B682-DA3E075FFFEB}.Release|Any CPU.Build.0 = Release|Any CPU
	EndGlobalSection
	GlobalSection(SolutionProperties) = preSolution
		HideSolutionNode = FALSE
	EndGlobalSection
EndGlobal
